
Microsoft Visual Studio Solution File, Format Version 12.00
# Visual Studio Version 16
VisualStudioVersion = 25.0.1704.5
MinimumVisualStudioVersion = 10.0.40219.1
Project("{FAE04EC0-301F-11D3-BF4B-00C04F79EFBC}") = "test1csharp", "test1csharp\test1csharp.csproj", "{B50A9393-FA64-4CFE-8FBB-E37372F9BEBF}"
EndProject
Global
	GlobalSection(SolutionConfigurationPlatforms) = preSolution
		Debug|Any CPU = Debug|Any CPU
		Release|Any CPU = Release|Any CPU
	EndGlobalSection
	GlobalSection(ProjectConfigurationPlatforms) = postSolution
		{B50A9393-FA64-4CFE-8FBB-E37372F9BEBF}.Debug|Any CPU.ActiveCfg = Debug|Any CPU
		{B50A9393-FA64-4CFE-8FBB-E37372F9BEBF}.Debug|Any CPU.Build.0 = Debug|Any CPU
		{B50A9393-FA64-4CFE-8FBB-E37372F9BEBF}.Release|Any CPU.ActiveCfg = Release|Any CPU
		{B50A9393-FA64-4CFE-8FBB-E37372F9BEBF}.Release|Any CPU.Build.0 = Release|Any CPU
	EndGlobalSection
	GlobalSection(SolutionProperties) = preSolution
		HideSolutionNode = FALSE
	EndGlobalSection
	GlobalSection(ExtensibilityGlobals) = postSolution
		SolutionGuid = {B2C4F11E-B117-45F1-8EB0-76378FF76ACB}
	EndGlobalSection
EndGlobal
